// !$*UTF8*$!
{
	archiveVersion = 1;
	classes = {
	};
	objectVersion = 55;
	objects = {

/* Begin PBXBuildFile section */
		624368AC2AC2AE67005667B7 /* KaroukaApp.swift in Sources */ = {isa = PBXBuildFile; fileRef = 624368AB2AC2AE67005667B7 /* KaroukaApp.swift */; };
		624368B02AC2AE6C005667B7 /* Assets.xcassets in Resources */ = {isa = PBXBuildFile; fileRef = 624368AF2AC2AE6C005667B7 /* Assets.xcassets */; };
		624368B32AC2AE6C005667B7 /* Preview Assets.xcassets in Resources */ = {isa = PBXBuildFile; fileRef = 624368B22AC2AE6C005667B7 /* Preview Assets.xcassets */; };
		62A25AC22AC6FB0B00B90F7C /* WelcomePage.swift in Sources */ = {isa = PBXBuildFile; fileRef = 62A25AC12AC6FB0B00B90F7C /* WelcomePage.swift */; };
		62A25AC42AC700CC00B90F7C /* login.swift in Sources */ = {isa = PBXBuildFile; fileRef = 62A25AC32AC700CB00B90F7C /* login.swift */; };
		62A25AC62AC700E400B90F7C /* signup.swift in Sources */ = {isa = PBXBuildFile; fileRef = 62A25AC52AC700E400B90F7C /* signup.swift */; };
		62A25ACC2ACC2ED300B90F7C /* homepage.swift in Sources */ = {isa = PBXBuildFile; fileRef = 62A25ACB2ACC2ED300B90F7C /* homepage.swift */; };
		62A25ACE2ACC3BA900B90F7C /* chatbot.swift in Sources */ = {isa = PBXBuildFile; fileRef = 62A25ACD2ACC3BA900B90F7C /* chatbot.swift */; };
		62C42E282ADDDB7B00D3D205 /* GoogleService-Info.plist in Resources */ = {isa = PBXBuildFile; fileRef = 62C42E272ADDDB7B00D3D205 /* GoogleService-Info.plist */; };
		62C42E2B2ADDE20E00D3D205 /* FirebaseAnalytics in Frameworks */ = {isa = PBXBuildFile; productRef = 62C42E2A2ADDE20E00D3D205 /* FirebaseAnalytics */; };
		62C42E2D2ADDE20E00D3D205 /* FirebaseAnalyticsOnDeviceConversion in Frameworks */ = {isa = PBXBuildFile; productRef = 62C42E2C2ADDE20E00D3D205 /* FirebaseAnalyticsOnDeviceConversion */; };
		62C42E2F2ADDE20E00D3D205 /* FirebaseAnalyticsSwift in Frameworks */ = {isa = PBXBuildFile; productRef = 62C42E2E2ADDE20E00D3D205 /* FirebaseAnalyticsSwift */; };
		62C42E312ADDE20E00D3D205 /* FirebaseAnalyticsWithoutAdIdSupport in Frameworks */ = {isa = PBXBuildFile; productRef = 62C42E302ADDE20E00D3D205 /* FirebaseAnalyticsWithoutAdIdSupport */; };
		62C42E332ADDE20E00D3D205 /* FirebaseAppCheck in Frameworks */ = {isa = PBXBuildFile; productRef = 62C42E322ADDE20E00D3D205 /* FirebaseAppCheck */; };
		62C42E352ADDE20E00D3D205 /* FirebaseAppDistribution-Beta in Frameworks */ = {isa = PBXBuildFile; productRef = 62C42E342ADDE20E00D3D205 /* FirebaseAppDistribution-Beta */; };
		62C42E372ADDE20E00D3D205 /* FirebaseAuth in Frameworks */ = {isa = PBXBuildFile; productRef = 62C42E362ADDE20E00D3D205 /* FirebaseAuth */; };
		62C42E392ADDE20E00D3D205 /* FirebaseAuthCombine-Community in Frameworks */ = {isa = PBXBuildFile; productRef = 62C42E382ADDE20E00D3D205 /* FirebaseAuthCombine-Community */; };
		62C42E3B2ADDE20E00D3D205 /* FirebaseCrashlytics in Frameworks */ = {isa = PBXBuildFile; productRef = 62C42E3A2ADDE20E00D3D205 /* FirebaseCrashlytics */; };
		62C42E3D2ADDE20E00D3D205 /* FirebaseDatabase in Frameworks */ = {isa = PBXBuildFile; productRef = 62C42E3C2ADDE20E00D3D205 /* FirebaseDatabase */; };
		62C42E3F2ADDE20E00D3D205 /* FirebaseDatabaseSwift in Frameworks */ = {isa = PBXBuildFile; productRef = 62C42E3E2ADDE20E00D3D205 /* FirebaseDatabaseSwift */; };
		62C42E412ADDE20E00D3D205 /* FirebaseDynamicLinks in Frameworks */ = {isa = PBXBuildFile; productRef = 62C42E402ADDE20E00D3D205 /* FirebaseDynamicLinks */; };
		62C42E432ADDE20E00D3D205 /* FirebaseFirestore in Frameworks */ = {isa = PBXBuildFile; productRef = 62C42E422ADDE20E00D3D205 /* FirebaseFirestore */; };
		62C42E452ADDE20F00D3D205 /* FirebaseFirestoreCombine-Community in Frameworks */ = {isa = PBXBuildFile; productRef = 62C42E442ADDE20E00D3D205 /* FirebaseFirestoreCombine-Community */; };
		62C42E472ADDE20F00D3D205 /* FirebaseFirestoreSwift in Frameworks */ = {isa = PBXBuildFile; productRef = 62C42E462ADDE20F00D3D205 /* FirebaseFirestoreSwift */; };
		62C42E492ADDE20F00D3D205 /* FirebaseFunctions in Frameworks */ = {isa = PBXBuildFile; productRef = 62C42E482ADDE20F00D3D205 /* FirebaseFunctions */; };
		62C42E4B2ADDE20F00D3D205 /* FirebaseFunctionsCombine-Community in Frameworks */ = {isa = PBXBuildFile; productRef = 62C42E4A2ADDE20F00D3D205 /* FirebaseFunctionsCombine-Community */; };
		62C42E4D2ADDE20F00D3D205 /* FirebaseInAppMessaging-Beta in Frameworks */ = {isa = PBXBuildFile; productRef = 62C42E4C2ADDE20F00D3D205 /* FirebaseInAppMessaging-Beta */; };
		62C42E4F2ADDE20F00D3D205 /* FirebaseInAppMessagingSwift-Beta in Frameworks */ = {isa = PBXBuildFile; productRef = 62C42E4E2ADDE20F00D3D205 /* FirebaseInAppMessagingSwift-Beta */; };
		62C42E512ADDE20F00D3D205 /* FirebaseInstallations in Frameworks */ = {isa = PBXBuildFile; productRef = 62C42E502ADDE20F00D3D205 /* FirebaseInstallations */; };
		62C42E532ADDE20F00D3D205 /* FirebaseMLModelDownloader in Frameworks */ = {isa = PBXBuildFile; productRef = 62C42E522ADDE20F00D3D205 /* FirebaseMLModelDownloader */; };
		62C42E552ADDE20F00D3D205 /* FirebaseMessaging in Frameworks */ = {isa = PBXBuildFile; productRef = 62C42E542ADDE20F00D3D205 /* FirebaseMessaging */; };
		62C42E572ADDE20F00D3D205 /* FirebasePerformance in Frameworks */ = {isa = PBXBuildFile; productRef = 62C42E562ADDE20F00D3D205 /* FirebasePerformance */; };
		62C42E592ADDE20F00D3D205 /* FirebaseRemoteConfig in Frameworks */ = {isa = PBXBuildFile; productRef = 62C42E582ADDE20F00D3D205 /* FirebaseRemoteConfig */; };
		62C42E5B2ADDE20F00D3D205 /* FirebaseRemoteConfigSwift in Frameworks */ = {isa = PBXBuildFile; productRef = 62C42E5A2ADDE20F00D3D205 /* FirebaseRemoteConfigSwift */; };
		62C42E5D2ADDE20F00D3D205 /* FirebaseStorage in Frameworks */ = {isa = PBXBuildFile; productRef = 62C42E5C2ADDE20F00D3D205 /* FirebaseStorage */; };
		62C42E5F2ADDE20F00D3D205 /* FirebaseStorageCombine-Community in Frameworks */ = {isa = PBXBuildFile; productRef = 62C42E5E2ADDE20F00D3D205 /* FirebaseStorageCombine-Community */; };
		62C42E642ADF1D7E00D3D205 /* InputView.swift in Sources */ = {isa = PBXBuildFile; fileRef = 62C42E632ADF1D7E00D3D205 /* InputView.swift */; };
		62C42E672ADF25AA00D3D205 /* user.swift in Sources */ = {isa = PBXBuildFile; fileRef = 62C42E662ADF25AA00D3D205 /* user.swift */; };
		62C42E6A2ADF281500D3D205 /* profile.swift in Sources */ = {isa = PBXBuildFile; fileRef = 62C42E692ADF281500D3D205 /* profile.swift */; };
		62C42E702ADF2FFE00D3D205 /* AuthViewModel.swift in Sources */ = {isa = PBXBuildFile; fileRef = 62C42E6F2ADF2FFE00D3D205 /* AuthViewModel.swift */; };
		62C42E772ADF478500D3D205 /* ContentView.swift in Sources */ = {isa = PBXBuildFile; fileRef = 62C42E762ADF478500D3D205 /* ContentView.swift */; };
/* End PBXBuildFile section */

/* Begin PBXFileReference section */
		624368A82AC2AE67005667B7 /* Karouka.app */ = {isa = PBXFileReference; explicitFileType = wrapper.application; includeInIndex = 0; path = Karouka.app; sourceTree = BUILT_PRODUCTS_DIR; };
		624368AB2AC2AE67005667B7 /* KaroukaApp.swift */ = {isa = PBXFileReference; lastKnownFileType = sourcecode.swift; path = KaroukaApp.swift; sourceTree = "<group>"; };
		624368AF2AC2AE6C005667B7 /* Assets.xcassets */ = {isa = PBXFileReference; lastKnownFileType = folder.assetcatalog; path = Assets.xcassets; sourceTree = "<group>"; };
		624368B22AC2AE6C005667B7 /* Preview Assets.xcassets */ = {isa = PBXFileReference; lastKnownFileType = folder.assetcatalog; path = "Preview Assets.xcassets"; sourceTree = "<group>"; };
		62A25AC12AC6FB0B00B90F7C /* WelcomePage.swift */ = {isa = PBXFileReference; lastKnownFileType = sourcecode.swift; path = WelcomePage.swift; sourceTree = "<group>"; };
		62A25AC32AC700CB00B90F7C /* login.swift */ = {isa = PBXFileReference; lastKnownFileType = sourcecode.swift; path = login.swift; sourceTree = "<group>"; };
		62A25AC52AC700E400B90F7C /* signup.swift */ = {isa = PBXFileReference; lastKnownFileType = sourcecode.swift; path = signup.swift; sourceTree = "<group>"; };
		62A25ACB2ACC2ED300B90F7C /* homepage.swift */ = {isa = PBXFileReference; lastKnownFileType = sourcecode.swift; path = homepage.swift; sourceTree = "<group>"; };
		62A25ACD2ACC3BA900B90F7C /* chatbot.swift */ = {isa = PBXFileReference; lastKnownFileType = sourcecode.swift; path = chatbot.swift; sourceTree = "<group>"; };
		62C42E272ADDDB7B00D3D205 /* GoogleService-Info.plist */ = {isa = PBXFileReference; fileEncoding = 4; lastKnownFileType = text.plist.xml; name = "GoogleService-Info.plist"; path = "../../../../../Downloads/GoogleService-Info.plist"; sourceTree = "<group>"; };
		62C42E632ADF1D7E00D3D205 /* InputView.swift */ = {isa = PBXFileReference; lastKnownFileType = sourcecode.swift; path = InputView.swift; sourceTree = "<group>"; };
		62C42E662ADF25AA00D3D205 /* user.swift */ = {isa = PBXFileReference; lastKnownFileType = sourcecode.swift; path = user.swift; sourceTree = "<group>"; };
		62C42E692ADF281500D3D205 /* profile.swift */ = {isa = PBXFileReference; lastKnownFileType = sourcecode.swift; path = profile.swift; sourceTree = "<group>"; };
		62C42E6F2ADF2FFE00D3D205 /* AuthViewModel.swift */ = {isa = PBXFileReference; lastKnownFileType = sourcecode.swift; path = AuthViewModel.swift; sourceTree = "<group>"; };
		62C42E762ADF478500D3D205 /* ContentView.swift */ = {isa = PBXFileReference; lastKnownFileType = sourcecode.swift; path = ContentView.swift; sourceTree = "<group>"; };
/* End PBXFileReference section */

/* Begin PBXFrameworksBuildPhase section */
		624368A52AC2AE67005667B7 /* Frameworks */ = {
			isa = PBXFrameworksBuildPhase;
			buildActionMask = 2147483647;
			files = (
				62C42E3D2ADDE20E00D3D205 /* FirebaseDatabase in Frameworks */,
				62C42E4B2ADDE20F00D3D205 /* FirebaseFunctionsCombine-Community in Frameworks */,
				62C42E432ADDE20E00D3D205 /* FirebaseFirestore in Frameworks */,
				62C42E2F2ADDE20E00D3D205 /* FirebaseAnalyticsSwift in Frameworks */,
				62C42E2B2ADDE20E00D3D205 /* FirebaseAnalytics in Frameworks */,
				62C42E2D2ADDE20E00D3D205 /* FirebaseAnalyticsOnDeviceConversion in Frameworks */,
				62C42E532ADDE20F00D3D205 /* FirebaseMLModelDownloader in Frameworks */,
				62C42E472ADDE20F00D3D205 /* FirebaseFirestoreSwift in Frameworks */,
				62C42E332ADDE20E00D3D205 /* FirebaseAppCheck in Frameworks */,
				62C42E312ADDE20E00D3D205 /* FirebaseAnalyticsWithoutAdIdSupport in Frameworks */,
				62C42E372ADDE20E00D3D205 /* FirebaseAuth in Frameworks */,
				62C42E3B2ADDE20E00D3D205 /* FirebaseCrashlytics in Frameworks */,
				62C42E5B2ADDE20F00D3D205 /* FirebaseRemoteConfigSwift in Frameworks */,
				62C42E4D2ADDE20F00D3D205 /* FirebaseInAppMessaging-Beta in Frameworks */,
				62C42E3F2ADDE20E00D3D205 /* FirebaseDatabaseSwift in Frameworks */,
				62C42E492ADDE20F00D3D205 /* FirebaseFunctions in Frameworks */,
				62C42E5F2ADDE20F00D3D205 /* FirebaseStorageCombine-Community in Frameworks */,
				62C42E592ADDE20F00D3D205 /* FirebaseRemoteConfig in Frameworks */,
				62C42E352ADDE20E00D3D205 /* FirebaseAppDistribution-Beta in Frameworks */,
				62C42E392ADDE20E00D3D205 /* FirebaseAuthCombine-Community in Frameworks */,
				62C42E572ADDE20F00D3D205 /* FirebasePerformance in Frameworks */,
				62C42E4F2ADDE20F00D3D205 /* FirebaseInAppMessagingSwift-Beta in Frameworks */,
				62C42E5D2ADDE20F00D3D205 /* FirebaseStorage in Frameworks */,
				62C42E412ADDE20E00D3D205 /* FirebaseDynamicLinks in Frameworks */,
				62C42E452ADDE20F00D3D205 /* FirebaseFirestoreCombine-Community in Frameworks */,
				62C42E552ADDE20F00D3D205 /* FirebaseMessaging in Frameworks */,
				62C42E512ADDE20F00D3D205 /* FirebaseInstallations in Frameworks */,
			);
			runOnlyForDeploymentPostprocessing = 0;
		};
/* End PBXFrameworksBuildPhase section */

/* Begin PBXGroup section */
		6243689F2AC2AE67005667B7 = {
			isa = PBXGroup;
			children = (
				624368AA2AC2AE67005667B7 /* Karouka */,
				624368A92AC2AE67005667B7 /* Products */,
			);
			sourceTree = "<group>";
		};
		624368A92AC2AE67005667B7 /* Products */ = {
			isa = PBXGroup;
			children = (
				624368A82AC2AE67005667B7 /* Karouka.app */,
			);
			name = Products;
			sourceTree = "<group>";
		};
		624368AA2AC2AE67005667B7 /* Karouka */ = {
			isa = PBXGroup;
			children = (
				624368AB2AC2AE67005667B7 /* KaroukaApp.swift */,
				62C42E732ADF474B00D3D205 /* master */,
				62C42E6B2ADF2CDB00D3D205 /* authentication */,
				62C42E682ADF27A500D3D205 /* views */,
				62C42E652ADF258800D3D205 /* components */,
				624368AF2AC2AE6C005667B7 /* Assets.xcassets */,
				624368B12AC2AE6C005667B7 /* Preview Content */,
				62C42E272ADDDB7B00D3D205 /* GoogleService-Info.plist */,
			);
			path = Karouka;
			sourceTree = "<group>";
		};
		624368B12AC2AE6C005667B7 /* Preview Content */ = {
			isa = PBXGroup;
			children = (
				624368B22AC2AE6C005667B7 /* Preview Assets.xcassets */,
			);
			path = "Preview Content";
			sourceTree = "<group>";
		};
		62C42E652ADF258800D3D205 /* components */ = {
			isa = PBXGroup;
			children = (
				62C42E632ADF1D7E00D3D205 /* InputView.swift */,
				62C42E662ADF25AA00D3D205 /* user.swift */,
			);
			path = components;
			sourceTree = "<group>";
		};
		62C42E682ADF27A500D3D205 /* views */ = {
			isa = PBXGroup;
			children = (
				62A25ACB2ACC2ED300B90F7C /* homepage.swift */,
				62A25AC12AC6FB0B00B90F7C /* WelcomePage.swift */,
				62A25ACD2ACC3BA900B90F7C /* chatbot.swift */,
				62C42E692ADF281500D3D205 /* profile.swift */,
			);
			path = views;
			sourceTree = "<group>";
		};
		62C42E6B2ADF2CDB00D3D205 /* authentication */ = {
			isa = PBXGroup;
			children = (
				62C42E6E2ADF2FE800D3D205 /* viewModel */,
				62C42E6C2ADF2D0700D3D205 /* views */,
			);
			path = authentication;
			sourceTree = "<group>";
		};
		62C42E6C2ADF2D0700D3D205 /* views */ = {
			isa = PBXGroup;
			children = (
				62A25AC52AC700E400B90F7C /* signup.swift */,
				62A25AC32AC700CB00B90F7C /* login.swift */,
			);
			path = views;
			sourceTree = "<group>";
		};
		62C42E6E2ADF2FE800D3D205 /* viewModel */ = {
			isa = PBXGroup;
			children = (
				62C42E6F2ADF2FFE00D3D205 /* AuthViewModel.swift */,
			);
			path = viewModel;
			sourceTree = "<group>";
		};
		62C42E732ADF474B00D3D205 /* master */ = {
			isa = PBXGroup;
			children = (
				62C42E762ADF478500D3D205 /* ContentView.swift */,
			);
			path = master;
			sourceTree = "<group>";
		};
/* End PBXGroup section */

/* Begin PBXNativeTarget section */
		624368A72AC2AE67005667B7 /* Karouka */ = {
			isa = PBXNativeTarget;
			buildConfigurationList = 624368B62AC2AE6C005667B7 /* Build configuration list for PBXNativeTarget "Karouka" */;
			buildPhases = (
				624368A42AC2AE67005667B7 /* Sources */,
				624368A52AC2AE67005667B7 /* Frameworks */,
				624368A62AC2AE67005667B7 /* Resources */,
			);
			buildRules = (
			);
			dependencies = (
			);
			name = Karouka;
			packageProductDependencies = (
				62C42E2A2ADDE20E00D3D205 /* FirebaseAnalytics */,
				62C42E2C2ADDE20E00D3D205 /* FirebaseAnalyticsOnDeviceConversion */,
				62C42E2E2ADDE20E00D3D205 /* FirebaseAnalyticsSwift */,
				62C42E302ADDE20E00D3D205 /* FirebaseAnalyticsWithoutAdIdSupport */,
				62C42E322ADDE20E00D3D205 /* FirebaseAppCheck */,
				62C42E342ADDE20E00D3D205 /* FirebaseAppDistribution-Beta */,
				62C42E362ADDE20E00D3D205 /* FirebaseAuth */,
				62C42E382ADDE20E00D3D205 /* FirebaseAuthCombine-Community */,
				62C42E3A2ADDE20E00D3D205 /* FirebaseCrashlytics */,
				62C42E3C2ADDE20E00D3D205 /* FirebaseDatabase */,
				62C42E3E2ADDE20E00D3D205 /* FirebaseDatabaseSwift */,
				62C42E402ADDE20E00D3D205 /* FirebaseDynamicLinks */,
				62C42E422ADDE20E00D3D205 /* FirebaseFirestore */,
				62C42E442ADDE20E00D3D205 /* FirebaseFirestoreCombine-Community */,
				62C42E462ADDE20F00D3D205 /* FirebaseFirestoreSwift */,
				62C42E482ADDE20F00D3D205 /* FirebaseFunctions */,
				62C42E4A2ADDE20F00D3D205 /* FirebaseFunctionsCombine-Community */,
				62C42E4C2ADDE20F00D3D205 /* FirebaseInAppMessaging-Beta */,
				62C42E4E2ADDE20F00D3D205 /* FirebaseInAppMessagingSwift-Beta */,
				62C42E502ADDE20F00D3D205 /* FirebaseInstallations */,
				62C42E522ADDE20F00D3D205 /* FirebaseMLModelDownloader */,
				62C42E542ADDE20F00D3D205 /* FirebaseMessaging */,
				62C42E562ADDE20F00D3D205 /* FirebasePerformance */,
				62C42E582ADDE20F00D3D205 /* FirebaseRemoteConfig */,
				62C42E5A2ADDE20F00D3D205 /* FirebaseRemoteConfigSwift */,
				62C42E5C2ADDE20F00D3D205 /* FirebaseStorage */,
				62C42E5E2ADDE20F00D3D205 /* FirebaseStorageCombine-Community */,
			);
			productName = Karouka;
			productReference = 624368A82AC2AE67005667B7 /* Karouka.app */;
			productType = "com.apple.product-type.application";
		};
/* End PBXNativeTarget section */

/* Begin PBXProject section */
		624368A02AC2AE67005667B7 /* Project object */ = {
			isa = PBXProject;
			attributes = {
				BuildIndependentTargetsInParallel = 1;
				LastSwiftUpdateCheck = 1320;
				LastUpgradeCheck = 1320;
				TargetAttributes = {
					624368A72AC2AE67005667B7 = {
						CreatedOnToolsVersion = 13.2.1;
					};
				};
			};
			buildConfigurationList = 624368A32AC2AE67005667B7 /* Build configuration list for PBXProject "Karouka" */;
			compatibilityVersion = "Xcode 13.0";
			developmentRegion = en;
			hasScannedForEncodings = 0;
			knownRegions = (
				en,
				Base,
			);
			mainGroup = 6243689F2AC2AE67005667B7;
			packageReferences = (
				62C42E292ADDE20E00D3D205 /* XCRemoteSwiftPackageReference "firebase-ios-sdk" */,
			);
			productRefGroup = 624368A92AC2AE67005667B7 /* Products */;
			projectDirPath = "";
			projectRoot = "";
			targets = (
				624368A72AC2AE67005667B7 /* Karouka */,
			);
		};
/* End PBXProject section */

/* Begin PBXResourcesBuildPhase section */
		624368A62AC2AE67005667B7 /* Resources */ = {
			isa = PBXResourcesBuildPhase;
			buildActionMask = 2147483647;
			files = (
				624368B32AC2AE6C005667B7 /* Preview Assets.xcassets in Resources */,
				624368B02AC2AE6C005667B7 /* Assets.xcassets in Resources */,
				62C42E282ADDDB7B00D3D205 /* GoogleService-Info.plist in Resources */,
			);
			runOnlyForDeploymentPostprocessing = 0;
		};
/* End PBXResourcesBuildPhase section */

/* Begin PBXSourcesBuildPhase section */
		624368A42AC2AE67005667B7 /* Sources */ = {
			isa = PBXSourcesBuildPhase;
			buildActionMask = 2147483647;
			files = (
				62C42E6A2ADF281500D3D205 /* profile.swift in Sources */,
				62C42E772ADF478500D3D205 /* ContentView.swift in Sources */,
				62A25AC22AC6FB0B00B90F7C /* WelcomePage.swift in Sources */,
				62C42E642ADF1D7E00D3D205 /* InputView.swift in Sources */,
				62A25ACE2ACC3BA900B90F7C /* chatbot.swift in Sources */,
				62A25AC62AC700E400B90F7C /* signup.swift in Sources */,
				62C42E702ADF2FFE00D3D205 /* AuthViewModel.swift in Sources */,
				62C42E672ADF25AA00D3D205 /* user.swift in Sources */,
				62A25AC42AC700CC00B90F7C /* login.swift in Sources */,
				62A25ACC2ACC2ED300B90F7C /* homepage.swift in Sources */,
				624368AC2AC2AE67005667B7 /* KaroukaApp.swift in Sources */,
			);
			runOnlyForDeploymentPostprocessing = 0;
		};
/* End PBXSourcesBuildPhase section */

/* Begin XCBuildConfiguration section */
		624368B42AC2AE6C005667B7 /* Debug */ = {
			isa = XCBuildConfiguration;
			buildSettings = {
				ALWAYS_SEARCH_USER_PATHS = NO;
				CLANG_ANALYZER_NONNULL = YES;
				CLANG_ANALYZER_NUMBER_OBJECT_CONVERSION = YES_AGGRESSIVE;
				CLANG_CXX_LANGUAGE_STANDARD = "gnu++17";
				CLANG_CXX_LIBRARY = "libc++";
				CLANG_ENABLE_MODULES = YES;
				CLANG_ENABLE_OBJC_ARC = YES;
				CLANG_ENABLE_OBJC_WEAK = YES;
				CLANG_WARN_BLOCK_CAPTURE_AUTORELEASING = YES;
				CLANG_WARN_BOOL_CONVERSION = YES;
				CLANG_WARN_COMMA = YES;
				CLANG_WARN_CONSTANT_CONVERSION = YES;
				CLANG_WARN_DEPRECATED_OBJC_IMPLEMENTATIONS = YES;
				CLANG_WARN_DIRECT_OBJC_ISA_USAGE = YES_ERROR;
				CLANG_WARN_DOCUMENTATION_COMMENTS = YES;
				CLANG_WARN_EMPTY_BODY = YES;
				CLANG_WARN_ENUM_CONVERSION = YES;
				CLANG_WARN_INFINITE_RECURSION = YES;
				CLANG_WARN_INT_CONVERSION = YES;
				CLANG_WARN_NON_LITERAL_NULL_CONVERSION = YES;
				CLANG_WARN_OBJC_IMPLICIT_RETAIN_SELF = YES;
				CLANG_WARN_OBJC_LITERAL_CONVERSION = YES;
				CLANG_WARN_OBJC_ROOT_CLASS = YES_ERROR;
				CLANG_WARN_QUOTED_INCLUDE_IN_FRAMEWORK_HEADER = YES;
				CLANG_WARN_RANGE_LOOP_ANALYSIS = YES;
				CLANG_WARN_STRICT_PROTOTYPES = YES;
				CLANG_WARN_SUSPICIOUS_MOVE = YES;
				CLANG_WARN_UNGUARDED_AVAILABILITY = YES_AGGRESSIVE;
				CLANG_WARN_UNREACHABLE_CODE = YES;
				CLANG_WARN__DUPLICATE_METHOD_MATCH = YES;
				COPY_PHASE_STRIP = NO;
				DEBUG_INFORMATION_FORMAT = dwarf;
				ENABLE_STRICT_OBJC_MSGSEND = YES;
				ENABLE_TESTABILITY = YES;
				GCC_C_LANGUAGE_STANDARD = gnu11;
				GCC_DYNAMIC_NO_PIC = NO;
				GCC_NO_COMMON_BLOCKS = YES;
				GCC_OPTIMIZATION_LEVEL = 0;
				GCC_PREPROCESSOR_DEFINITIONS = (
					"DEBUG=1",
					"$(inherited)",
				);
				GCC_WARN_64_TO_32_BIT_CONVERSION = YES;
				GCC_WARN_ABOUT_RETURN_TYPE = YES_ERROR;
				GCC_WARN_UNDECLARED_SELECTOR = YES;
				GCC_WARN_UNINITIALIZED_AUTOS = YES_AGGRESSIVE;
				GCC_WARN_UNUSED_FUNCTION = YES;
				GCC_WARN_UNUSED_VARIABLE = YES;
				IPHONEOS_DEPLOYMENT_TARGET = 15.2;
				MTL_ENABLE_DEBUG_INFO = INCLUDE_SOURCE;
				MTL_FAST_MATH = YES;
				ONLY_ACTIVE_ARCH = YES;
				SDKROOT = iphoneos;
				SWIFT_ACTIVE_COMPILATION_CONDITIONS = DEBUG;
				SWIFT_OPTIMIZATION_LEVEL = "-Onone";
			};
			name = Debug;
		};
		624368B52AC2AE6C005667B7 /* Release */ = {
			isa = XCBuildConfiguration;
			buildSettings = {
				ALWAYS_SEARCH_USER_PATHS = NO;
				CLANG_ANALYZER_NONNULL = YES;
				CLANG_ANALYZER_NUMBER_OBJECT_CONVERSION = YES_AGGRESSIVE;
				CLANG_CXX_LANGUAGE_STANDARD = "gnu++17";
				CLANG_CXX_LIBRARY = "libc++";
				CLANG_ENABLE_MODULES = YES;
				CLANG_ENABLE_OBJC_ARC = YES;
				CLANG_ENABLE_OBJC_WEAK = YES;
				CLANG_WARN_BLOCK_CAPTURE_AUTORELEASING = YES;
				CLANG_WARN_BOOL_CONVERSION = YES;
				CLANG_WARN_COMMA = YES;
				CLANG_WARN_CONSTANT_CONVERSION = YES;
				CLANG_WARN_DEPRECATED_OBJC_IMPLEMENTATIONS = YES;
				CLANG_WARN_DIRECT_OBJC_ISA_USAGE = YES_ERROR;
				CLANG_WARN_DOCUMENTATION_COMMENTS = YES;
				CLANG_WARN_EMPTY_BODY = YES;
				CLANG_WARN_ENUM_CONVERSION = YES;
				CLANG_WARN_INFINITE_RECURSION = YES;
				CLANG_WARN_INT_CONVERSION = YES;
				CLANG_WARN_NON_LITERAL_NULL_CONVERSION = YES;
				CLANG_WARN_OBJC_IMPLICIT_RETAIN_SELF = YES;
				CLANG_WARN_OBJC_LITERAL_CONVERSION = YES;
				CLANG_WARN_OBJC_ROOT_CLASS = YES_ERROR;
				CLANG_WARN_QUOTED_INCLUDE_IN_FRAMEWORK_HEADER = YES;
				CLANG_WARN_RANGE_LOOP_ANALYSIS = YES;
				CLANG_WARN_STRICT_PROTOTYPES = YES;
				CLANG_WARN_SUSPICIOUS_MOVE = YES;
				CLANG_WARN_UNGUARDED_AVAILABILITY = YES_AGGRESSIVE;
				CLANG_WARN_UNREACHABLE_CODE = YES;
				CLANG_WARN__DUPLICATE_METHOD_MATCH = YES;
				COPY_PHASE_STRIP = NO;
				DEBUG_INFORMATION_FORMAT = "dwarf-with-dsym";
				ENABLE_NS_ASSERTIONS = NO;
				ENABLE_STRICT_OBJC_MSGSEND = YES;
				GCC_C_LANGUAGE_STANDARD = gnu11;
				GCC_NO_COMMON_BLOCKS = YES;
				GCC_WARN_64_TO_32_BIT_CONVERSION = YES;
				GCC_WARN_ABOUT_RETURN_TYPE = YES_ERROR;
				GCC_WARN_UNDECLARED_SELECTOR = YES;
				GCC_WARN_UNINITIALIZED_AUTOS = YES_AGGRESSIVE;
				GCC_WARN_UNUSED_FUNCTION = YES;
				GCC_WARN_UNUSED_VARIABLE = YES;
				IPHONEOS_DEPLOYMENT_TARGET = 15.2;
				MTL_ENABLE_DEBUG_INFO = NO;
				MTL_FAST_MATH = YES;
				SDKROOT = iphoneos;
				SWIFT_COMPILATION_MODE = wholemodule;
				SWIFT_OPTIMIZATION_LEVEL = "-O";
				VALIDATE_PRODUCT = YES;
			};
			name = Release;
		};
		624368B72AC2AE6C005667B7 /* Debug */ = {
			isa = XCBuildConfiguration;
			buildSettings = {
				ASSETCATALOG_COMPILER_APPICON_NAME = AppIcon;
				ASSETCATALOG_COMPILER_GLOBAL_ACCENT_COLOR_NAME = AccentColor;
				CODE_SIGN_STYLE = Automatic;
				CURRENT_PROJECT_VERSION = 1;
				DEVELOPMENT_ASSET_PATHS = "\"Karouka/Preview Content\"";
				DEVELOPMENT_TEAM = 8H77M6PS25;
				ENABLE_PREVIEWS = YES;
				GENERATE_INFOPLIST_FILE = YES;
				INFOPLIST_KEY_UIApplicationSceneManifest_Generation = YES;
				INFOPLIST_KEY_UIApplicationSupportsIndirectInputEvents = YES;
				INFOPLIST_KEY_UILaunchScreen_Generation = YES;
				INFOPLIST_KEY_UISupportedInterfaceOrientations_iPad = "UIInterfaceOrientationPortrait UIInterfaceOrientationPortraitUpsideDown UIInterfaceOrientationLandscapeLeft UIInterfaceOrientationLandscapeRight";
				INFOPLIST_KEY_UISupportedInterfaceOrientations_iPhone = "UIInterfaceOrientationPortrait UIInterfaceOrientationLandscapeLeft UIInterfaceOrientationLandscapeRight";
				LD_RUNPATH_SEARCH_PATHS = (
					"$(inherited)",
					"@executable_path/Frameworks",
				);
				MARKETING_VERSION = 1.0;
				PRODUCT_BUNDLE_IDENTIFIER = na.rawan.Karouka;
				PRODUCT_NAME = "$(TARGET_NAME)";
				SWIFT_EMIT_LOC_STRINGS = YES;
				SWIFT_VERSION = 5.0;
				TARGETED_DEVICE_FAMILY = "1,2";
			};
			name = Debug;
		};
		624368B82AC2AE6C005667B7 /* Release */ = {
			isa = XCBuildConfiguration;
			buildSettings = {
				ASSETCATALOG_COMPILER_APPICON_NAME = AppIcon;
				ASSETCATALOG_COMPILER_GLOBAL_ACCENT_COLOR_NAME = AccentColor;
				CODE_SIGN_STYLE = Automatic;
				CURRENT_PROJECT_VERSION = 1;
				DEVELOPMENT_ASSET_PATHS = "\"Karouka/Preview Content\"";
				DEVELOPMENT_TEAM = 8H77M6PS25;
				ENABLE_PREVIEWS = YES;
				GENERATE_INFOPLIST_FILE = YES;
				INFOPLIST_KEY_UIApplicationSceneManifest_Generation = YES;
				INFOPLIST_KEY_UIApplicationSupportsIndirectInputEvents = YES;
				INFOPLIST_KEY_UILaunchScreen_Generation = YES;
				INFOPLIST_KEY_UISupportedInterfaceOrientations_iPad = "UIInterfaceOrientationPortrait UIInterfaceOrientationPortraitUpsideDown UIInterfaceOrientationLandscapeLeft UIInterfaceOrientationLandscapeRight";
				INFOPLIST_KEY_UISupportedInterfaceOrientations_iPhone = "UIInterfaceOrientationPortrait UIInterfaceOrientationLandscapeLeft UIInterfaceOrientationLandscapeRight";
				LD_RUNPATH_SEARCH_PATHS = (
					"$(inherited)",
					"@executable_path/Frameworks",
				);
				MARKETING_VERSION = 1.0;
				PRODUCT_BUNDLE_IDENTIFIER = na.rawan.Karouka;
				PRODUCT_NAME = "$(TARGET_NAME)";
				SWIFT_EMIT_LOC_STRINGS = YES;
				SWIFT_VERSION = 5.0;
				TARGETED_DEVICE_FAMILY = "1,2";
			};
			name = Release;
		};
/* End XCBuildConfiguration section */

/* Begin XCConfigurationList section */
		624368A32AC2AE67005667B7 /* Build configuration list for PBXProject "Karouka" */ = {
			isa = XCConfigurationList;
			buildConfigurations = (
				624368B42AC2AE6C005667B7 /* Debug */,
				624368B52AC2AE6C005667B7 /* Release */,
			);
			defaultConfigurationIsVisible = 0;
			defaultConfigurationName = Release;
		};
		624368B62AC2AE6C005667B7 /* Build configuration list for PBXNativeTarget "Karouka" */ = {
			isa = XCConfigurationList;
			buildConfigurations = (
				624368B72AC2AE6C005667B7 /* Debug */,
				624368B82AC2AE6C005667B7 /* Release */,
			);
			defaultConfigurationIsVisible = 0;
			defaultConfigurationName = Release;
		};
/* End XCConfigurationList section */

/* Begin XCRemoteSwiftPackageReference section */
		62C42E292ADDE20E00D3D205 /* XCRemoteSwiftPackageReference "firebase-ios-sdk" */ = {
			isa = XCRemoteSwiftPackageReference;
			repositoryURL = "https://github.com/firebase/firebase-ios-sdk";
			requirement = {
				kind = upToNextMajorVersion;
				minimumVersion = 9.0.0;
			};
		};
/* End XCRemoteSwiftPackageReference section */

/* Begin XCSwiftPackageProductDependency section */
		62C42E2A2ADDE20E00D3D205 /* FirebaseAnalytics */ = {
			isa = XCSwiftPackageProductDependency;
			package = 62C42E292ADDE20E00D3D205 /* XCRemoteSwiftPackageReference "firebase-ios-sdk" */;
			productName = FirebaseAnalytics;
		};
		62C42E2C2ADDE20E00D3D205 /* FirebaseAnalyticsOnDeviceConversion */ = {
			isa = XCSwiftPackageProductDependency;
			package = 62C42E292ADDE20E00D3D205 /* XCRemoteSwiftPackageReference "firebase-ios-sdk" */;
			productName = FirebaseAnalyticsOnDeviceConversion;
		};
		62C42E2E2ADDE20E00D3D205 /* FirebaseAnalyticsSwift */ = {
			isa = XCSwiftPackageProductDependency;
			package = 62C42E292ADDE20E00D3D205 /* XCRemoteSwiftPackageReference "firebase-ios-sdk" */;
			productName = FirebaseAnalyticsSwift;
		};
		62C42E302ADDE20E00D3D205 /* FirebaseAnalyticsWithoutAdIdSupport */ = {
			isa = XCSwiftPackageProductDependency;
			package = 62C42E292ADDE20E00D3D205 /* XCRemoteSwiftPackageReference "firebase-ios-sdk" */;
			productName = FirebaseAnalyticsWithoutAdIdSupport;
		};
		62C42E322ADDE20E00D3D205 /* FirebaseAppCheck */ = {
			isa = XCSwiftPackageProductDependency;
			package = 62C42E292ADDE20E00D3D205 /* XCRemoteSwiftPackageReference "firebase-ios-sdk" */;
			productName = FirebaseAppCheck;
		};
		62C42E342ADDE20E00D3D205 /* FirebaseAppDistribution-Beta */ = {
			isa = XCSwiftPackageProductDependency;
			package = 62C42E292ADDE20E00D3D205 /* XCRemoteSwiftPackageReference "firebase-ios-sdk" */;
			productName = "FirebaseAppDistribution-Beta";
		};
		62C42E362ADDE20E00D3D205 /* FirebaseAuth */ = {
			isa = XCSwiftPackageProductDependency;
			package = 62C42E292ADDE20E00D3D205 /* XCRemoteSwiftPackageReference "firebase-ios-sdk" */;
			productName = FirebaseAuth;
		};
		62C42E382ADDE20E00D3D205 /* FirebaseAuthCombine-Community */ = {
			isa = XCSwiftPackageProductDependency;
			package = 62C42E292ADDE20E00D3D205 /* XCRemoteSwiftPackageReference "firebase-ios-sdk" */;
			productName = "FirebaseAuthCombine-Community";
		};
		62C42E3A2ADDE20E00D3D205 /* FirebaseCrashlytics */ = {
			isa = XCSwiftPackageProductDependency;
			package = 62C42E292ADDE20E00D3D205 /* XCRemoteSwiftPackageReference "firebase-ios-sdk" */;
			productName = FirebaseCrashlytics;
		};
		62C42E3C2ADDE20E00D3D205 /* FirebaseDatabase */ = {
			isa = XCSwiftPackageProductDependency;
			package = 62C42E292ADDE20E00D3D205 /* XCRemoteSwiftPackageReference "firebase-ios-sdk" */;
			productName = FirebaseDatabase;
		};
		62C42E3E2ADDE20E00D3D205 /* FirebaseDatabaseSwift */ = {
			isa = XCSwiftPackageProductDependency;
			package = 62C42E292ADDE20E00D3D205 /* XCRemoteSwiftPackageReference "firebase-ios-sdk" */;
			productName = FirebaseDatabaseSwift;
		};
		62C42E402ADDE20E00D3D205 /* FirebaseDynamicLinks */ = {
			isa = XCSwiftPackageProductDependency;
			package = 62C42E292ADDE20E00D3D205 /* XCRemoteSwiftPackageReference "firebase-ios-sdk" */;
			productName = FirebaseDynamicLinks;
		};
		62C42E422ADDE20E00D3D205 /* FirebaseFirestore */ = {
			isa = XCSwiftPackageProductDependency;
			package = 62C42E292ADDE20E00D3D205 /* XCRemoteSwiftPackageReference "firebase-ios-sdk" */;
			productName = FirebaseFirestore;
		};
		62C42E442ADDE20E00D3D205 /* FirebaseFirestoreCombine-Community */ = {
			isa = XCSwiftPackageProductDependency;
			package = 62C42E292ADDE20E00D3D205 /* XCRemoteSwiftPackageReference "firebase-ios-sdk" */;
			productName = "FirebaseFirestoreCombine-Community";
		};
		62C42E462ADDE20F00D3D205 /* FirebaseFirestoreSwift */ = {
			isa = XCSwiftPackageProductDependency;
			package = 62C42E292ADDE20E00D3D205 /* XCRemoteSwiftPackageReference "firebase-ios-sdk" */;
			productName = FirebaseFirestoreSwift;
		};
		62C42E482ADDE20F00D3D205 /* FirebaseFunctions */ = {
			isa = XCSwiftPackageProductDependency;
			package = 62C42E292ADDE20E00D3D205 /* XCRemoteSwiftPackageReference "firebase-ios-sdk" */;
			productName = FirebaseFunctions;
		};
		62C42E4A2ADDE20F00D3D205 /* FirebaseFunctionsCombine-Community */ = {
			isa = XCSwiftPackageProductDependency;
			package = 62C42E292ADDE20E00D3D205 /* XCRemoteSwiftPackageReference "firebase-ios-sdk" */;
			productName = "FirebaseFunctionsCombine-Community";
		};
		62C42E4C2ADDE20F00D3D205 /* FirebaseInAppMessaging-Beta */ = {
			isa = XCSwiftPackageProductDependency;
			package = 62C42E292ADDE20E00D3D205 /* XCRemoteSwiftPackageReference "firebase-ios-sdk" */;
			productName = "FirebaseInAppMessaging-Beta";
		};
		62C42E4E2ADDE20F00D3D205 /* FirebaseInAppMessagingSwift-Beta */ = {
			isa = XCSwiftPackageProductDependency;
			package = 62C42E292ADDE20E00D3D205 /* XCRemoteSwiftPackageReference "firebase-ios-sdk" */;
			productName = "FirebaseInAppMessagingSwift-Beta";
		};
		62C42E502ADDE20F00D3D205 /* FirebaseInstallations */ = {
			isa = XCSwiftPackageProductDependency;
			package = 62C42E292ADDE20E00D3D205 /* XCRemoteSwiftPackageReference "firebase-ios-sdk" */;
			productName = FirebaseInstallations;
		};
		62C42E522ADDE20F00D3D205 /* FirebaseMLModelDownloader */ = {
			isa = XCSwiftPackageProductDependency;
			package = 62C42E292ADDE20E00D3D205 /* XCRemoteSwiftPackageReference "firebase-ios-sdk" */;
			productName = FirebaseMLModelDownloader;
		};
		62C42E542ADDE20F00D3D205 /* FirebaseMessaging */ = {
			isa = XCSwiftPackageProductDependency;
			package = 62C42E292ADDE20E00D3D205 /* XCRemoteSwiftPackageReference "firebase-ios-sdk" */;
			productName = FirebaseMessaging;
		};
		62C42E562ADDE20F00D3D205 /* FirebasePerformance */ = {
			isa = XCSwiftPackageProductDependency;
			package = 62C42E292ADDE20E00D3D205 /* XCRemoteSwiftPackageReference "firebase-ios-sdk" */;
			productName = FirebasePerformance;
		};
		62C42E582ADDE20F00D3D205 /* FirebaseRemoteConfig */ = {
			isa = XCSwiftPackageProductDependency;
			package = 62C42E292ADDE20E00D3D205 /* XCRemoteSwiftPackageReference "firebase-ios-sdk" */;
			productName = FirebaseRemoteConfig;
		};
		62C42E5A2ADDE20F00D3D205 /* FirebaseRemoteConfigSwift */ = {
			isa = XCSwiftPackageProductDependency;
			package = 62C42E292ADDE20E00D3D205 /* XCRemoteSwiftPackageReference "firebase-ios-sdk" */;
			productName = FirebaseRemoteConfigSwift;
		};
		62C42E5C2ADDE20F00D3D205 /* FirebaseStorage */ = {
			isa = XCSwiftPackageProductDependency;
			package = 62C42E292ADDE20E00D3D205 /* XCRemoteSwiftPackageReference "firebase-ios-sdk" */;
			productName = FirebaseStorage;
		};
		62C42E5E2ADDE20F00D3D205 /* FirebaseStorageCombine-Community */ = {
			isa = XCSwiftPackageProductDependency;
			package = 62C42E292ADDE20E00D3D205 /* XCRemoteSwiftPackageReference "firebase-ios-sdk" */;
			productName = "FirebaseStorageCombine-Community";
		};
/* End XCSwiftPackageProductDependency section */
	};
	rootObject = 624368A02AC2AE67005667B7 /* Project object */;
}
